// !$*UTF8*$!
{
	archiveVersion = 1;
	classes = {
	};
	objectVersion = 46;
	objects = {

/* Begin PBXBuildFile section */
		56D23A31BA541208CC4BAC9D /* Pods_FlavorFinder.framework in Frameworks */ = {isa = PBXBuildFile; fileRef = 6F0701BEA3C57EBBE60538B5 /* Pods_FlavorFinder.framework */; };
		60216E661BEC4F740029454B /* UiUtils.swift in Sources */ = {isa = PBXBuildFile; fileRef = 60216E651BEC4F740029454B /* UiUtils.swift */; };
		602B7CBF1C5FC4D80068D847 /* RegisterView.swift in Sources */ = {isa = PBXBuildFile; fileRef = 602B7CBE1C5FC4D80068D847 /* RegisterView.swift */; };
		603E4D841C67C28B00F3D554 /* EditListPage.swift in Sources */ = {isa = PBXBuildFile; fileRef = 603E4D831C67C28B00F3D554 /* EditListPage.swift */; };
		6056F0B81C6C26D0002B0D29 /* SettingsPageController.swift in Sources */ = {isa = PBXBuildFile; fileRef = 6056F0B71C6C26D0002B0D29 /* SettingsPageController.swift */; };
		6062FDC11C5F3386009B2EEB /* LoginViewPage.swift in Sources */ = {isa = PBXBuildFile; fileRef = 6062FDC01C5F3386009B2EEB /* LoginViewPage.swift */; };
		6070993A1C825304003C1BD5 /* Toast.swift in Sources */ = {isa = PBXBuildFile; fileRef = 607099391C825304003C1BD5 /* Toast.swift */; };
		609432671C42DCA800BA0577 /* FavoritesPageController.swift in Sources */ = {isa = PBXBuildFile; fileRef = 609432661C42DCA800BA0577 /* FavoritesPageController.swift */; };
		609432691C42DD6500BA0577 /* ListsPageController.swift in Sources */ = {isa = PBXBuildFile; fileRef = 609432681C42DD6500BA0577 /* ListsPageController.swift */; };
		609E66611C7E89B000DE2A28 /* CreateNewList.swift in Sources */ = {isa = PBXBuildFile; fileRef = 609E66601C7E89B000DE2A28 /* CreateNewList.swift */; };
		60AD7BDF1C7A47470002A7DF /* AddToListPage.swift in Sources */ = {isa = PBXBuildFile; fileRef = 60AD7BDE1C7A47470002A7DF /* AddToListPage.swift */; };
		60B3F16D1C5AE41D0018AA29 /* ListDetailController.swift in Sources */ = {isa = PBXBuildFile; fileRef = 60B3F16C1C5AE41D0018AA29 /* ListDetailController.swift */; };
		60C7A3481C83788B00622116 /* CreateNewListFromSearch.swift in Sources */ = {isa = PBXBuildFile; fileRef = 60C7A3471C83788B00622116 /* CreateNewListFromSearch.swift */; };
		60D22BA41C723B9B00A72FB2 /* AddHotpotToList.swift in Sources */ = {isa = PBXBuildFile; fileRef = 60D22BA31C723B9B00A72FB2 /* AddHotpotToList.swift */; };
		60DFE76E1C6148D400A6EF85 /* SearchUtils.swift in Sources */ = {isa = PBXBuildFile; fileRef = 60DFE76D1C6148D400A6EF85 /* SearchUtils.swift */; };
		60FEE38F1BE570E100F51BE8 /* KeychainWrapper.m in Sources */ = {isa = PBXBuildFile; fileRef = 60FEE38E1BE570E100F51BE8 /* KeychainWrapper.m */; };
		880DA78C1BE1FB03003C67F0 /* Globals.swift in Sources */ = {isa = PBXBuildFile; fileRef = 880DA78B1BE1FB03003C67F0 /* Globals.swift */; };
		882FFD661BD9A48D00710F35 /* Bolts.framework in Frameworks */ = {isa = PBXBuildFile; fileRef = 882FFD641BD9A48D00710F35 /* Bolts.framework */; };
		882FFD671BD9A48D00710F35 /* Parse.framework in Frameworks */ = {isa = PBXBuildFile; fileRef = 882FFD651BD9A48D00710F35 /* Parse.framework */; };
		882FFD691BD9A55F00710F35 /* AudioToolbox.framework in Frameworks */ = {isa = PBXBuildFile; fileRef = 882FFD681BD9A55F00710F35 /* AudioToolbox.framework */; };
		882FFD6B1BD9A56400710F35 /* CFNetwork.framework in Frameworks */ = {isa = PBXBuildFile; fileRef = 882FFD6A1BD9A56400710F35 /* CFNetwork.framework */; };
		882FFD6D1BD9A56C00710F35 /* CoreGraphics.framework in Frameworks */ = {isa = PBXBuildFile; fileRef = 882FFD6C1BD9A56C00710F35 /* CoreGraphics.framework */; };
		882FFD6F1BD9A57500710F35 /* CoreLocation.framework in Frameworks */ = {isa = PBXBuildFile; fileRef = 882FFD6E1BD9A57500710F35 /* CoreLocation.framework */; };
		882FFD711BD9A57E00710F35 /* QuartzCore.framework in Frameworks */ = {isa = PBXBuildFile; fileRef = 882FFD701BD9A57E00710F35 /* QuartzCore.framework */; };
		882FFD731BD9A58600710F35 /* Security.framework in Frameworks */ = {isa = PBXBuildFile; fileRef = 882FFD721BD9A58600710F35 /* Security.framework */; };
		882FFD751BD9A58E00710F35 /* StoreKit.framework in Frameworks */ = {isa = PBXBuildFile; fileRef = 882FFD741BD9A58E00710F35 /* StoreKit.framework */; };
		882FFD771BD9A59800710F35 /* SystemConfiguration.framework in Frameworks */ = {isa = PBXBuildFile; fileRef = 882FFD761BD9A59800710F35 /* SystemConfiguration.framework */; };
		882FFD791BD9A5A300710F35 /* libz.tbd in Frameworks */ = {isa = PBXBuildFile; fileRef = 882FFD781BD9A5A300710F35 /* libz.tbd */; };
		882FFD7B1BD9A5B000710F35 /* libsqlite3.tbd in Frameworks */ = {isa = PBXBuildFile; fileRef = 882FFD7A1BD9A5B000710F35 /* libsqlite3.tbd */; };
		8839994B1C554ACB003F5CD2 /* HotpotCollectionViewCell.swift in Sources */ = {isa = PBXBuildFile; fileRef = 8839994A1C554ACB003F5CD2 /* HotpotCollectionViewCell.swift */; };
		8839994D1C554B3E003F5CD2 /* RemoveHotpotIngredientButton.swift in Sources */ = {isa = PBXBuildFile; fileRef = 8839994C1C554B3E003F5CD2 /* RemoveHotpotIngredientButton.swift */; };
		8839994F1C555A34003F5CD2 /* PFList.swift in Sources */ = {isa = PBXBuildFile; fileRef = 8839994E1C555A34003F5CD2 /* PFList.swift */; };
		883AC6281BC1A3C0009136E9 /* AppDelegate.swift in Sources */ = {isa = PBXBuildFile; fileRef = 883AC6271BC1A3C0009136E9 /* AppDelegate.swift */; };
		883AC62D1BC1A3C0009136E9 /* Main.storyboard in Resources */ = {isa = PBXBuildFile; fileRef = 883AC62B1BC1A3C0009136E9 /* Main.storyboard */; };
		883AC62F1BC1A3C0009136E9 /* Images.xcassets in Resources */ = {isa = PBXBuildFile; fileRef = 883AC62E1BC1A3C0009136E9 /* Images.xcassets */; };
		883AC6321BC1A3C0009136E9 /* LaunchScreen.xib in Resources */ = {isa = PBXBuildFile; fileRef = 883AC6301BC1A3C0009136E9 /* LaunchScreen.xib */; };
		883AC63E1BC1A3C0009136E9 /* FlavorFinderTests.swift in Sources */ = {isa = PBXBuildFile; fileRef = 883AC63D1BC1A3C0009136E9 /* FlavorFinderTests.swift */; };
		8868ECFC1BD9B549009BB8B0 /* flavorbible.db in Resources */ = {isa = PBXBuildFile; fileRef = 8868ECFB1BD9B53D009BB8B0 /* flavorbible.db */; };
		8875DE2A1BE041D200CD50EA /* UITextField+LeftMargin.swift in Sources */ = {isa = PBXBuildFile; fileRef = 8875DE291BE041D200CD50EA /* UITextField+LeftMargin.swift */; };
		8875DE2C1BE04DD900CD50EA /* LoginUtils.swift in Sources */ = {isa = PBXBuildFile; fileRef = 8875DE2B1BE04DD900CD50EA /* LoginUtils.swift */; };
		8875DE321BE051B100CD50EA /* Database.swift in Sources */ = {isa = PBXBuildFile; fileRef = 8875DE311BE051B100CD50EA /* Database.swift */; };
		8875DE351BE053ED00CD50EA /* Voting.swift in Sources */ = {isa = PBXBuildFile; fileRef = 8875DE341BE053ED00CD50EA /* Voting.swift */; };
		8875DE391BE06FB300CD50EA /* MenuTableViewController.swift in Sources */ = {isa = PBXBuildFile; fileRef = 8875DE381BE06FB300CD50EA /* MenuTableViewController.swift */; };
		8875DE3B1BE0751B00CD50EA /* MainNavigationController.swift in Sources */ = {isa = PBXBuildFile; fileRef = 8875DE3A1BE0751B00CD50EA /* MainNavigationController.swift */; };
		888D1A401BDEF816007F09AE /* Stack.swift in Sources */ = {isa = PBXBuildFile; fileRef = 888D1A3F1BDEF816007F09AE /* Stack.swift */; };
		88998E211BEC365D00087406 /* PFVote.swift in Sources */ = {isa = PBXBuildFile; fileRef = 88998E201BEC365D00087406 /* PFVote.swift */; };
		88A2B6951C8365A100424652 /* FavoriteTableViewCell.swift in Sources */ = {isa = PBXBuildFile; fileRef = 88A2B6941C8365A100424652 /* FavoriteTableViewCell.swift */; };
		88A2B6971C83666900424652 /* ListIngredientTableViewCell.swift in Sources */ = {isa = PBXBuildFile; fileRef = 88A2B6961C83666900424652 /* ListIngredientTableViewCell.swift */; };
		88F0E5011BE54111003CB35B /* Animations.swift in Sources */ = {isa = PBXBuildFile; fileRef = 88F0E5001BE54111003CB35B /* Animations.swift */; };
		88F413FA1BC74A00000C0093 /* MatchTableViewCell.swift in Sources */ = {isa = PBXBuildFile; fileRef = 88F413F91BC74A00000C0093 /* MatchTableViewCell.swift */; };
		B61AD2C51C5BFB9C00081BF4 /* SearchResultsSubviewController.swift in Sources */ = {isa = PBXBuildFile; fileRef = B61AD2C41C5BFB9C00081BF4 /* SearchResultsSubviewController.swift */; };
		B61FEBCE1C4430D30028F800 /* EmptySegue.swift in Sources */ = {isa = PBXBuildFile; fileRef = B61FEBCD1C4430D30028F800 /* EmptySegue.swift */; };
		B62AF0031C93E5DD003E43BF /* PFIngredient.swift in Sources */ = {isa = PBXBuildFile; fileRef = B62AF0021C93E5DD003E43BF /* PFIngredient.swift */; };
		B63F60211C725C0C0057D726 /* TextUtils.swift in Sources */ = {isa = PBXBuildFile; fileRef = B63F60201C725C0C0057D726 /* TextUtils.swift */; };
		B6420CB51C836C8300260779 /* AddIngredientViewController.swift in Sources */ = {isa = PBXBuildFile; fileRef = B6420CB41C836C8300260779 /* AddIngredientViewController.swift */; };
		B64E25F01C7A3355003D53BD /* LoginModuleParentViewController.swift in Sources */ = {isa = PBXBuildFile; fileRef = B64E25EF1C7A3355003D53BD /* LoginModuleParentViewController.swift */; };
		B65DE16E1C822B6F005B66AE /* GotNaviViewController.swift in Sources */ = {isa = PBXBuildFile; fileRef = B65DE16D1C822B6F005B66AE /* GotNaviViewController.swift */; };
		B65DE1701C82476F005B66AE /* MorePageController.swift in Sources */ = {isa = PBXBuildFile; fileRef = B65DE16F1C82476F005B66AE /* MorePageController.swift */; };
		B6739A141C59971B0004F982 /* ContainerParentViewController.swift in Sources */ = {isa = PBXBuildFile; fileRef = B6739A131C59971B0004F982 /* ContainerParentViewController.swift */; };
		B6739A161C59973A0004F982 /* ContainerViewController.swift in Sources */ = {isa = PBXBuildFile; fileRef = B6739A151C59973A0004F982 /* ContainerViewController.swift */; };
		B6739A181C5997760004F982 /* LandingPageController.swift in Sources */ = {isa = PBXBuildFile; fileRef = B6739A171C5997760004F982 /* LandingPageController.swift */; };
		B6739A1C1C5999D20004F982 /* NewSearchViewController.swift in Sources */ = {isa = PBXBuildFile; fileRef = B6739A1B1C5999D20004F982 /* NewSearchViewController.swift */; };
		B685D2B31C5DE775001C37FF /* SearchResultsViewController.swift in Sources */ = {isa = PBXBuildFile; fileRef = B685D2B21C5DE775001C37FF /* SearchResultsViewController.swift */; };
		B698B6861C84E0000067F8E8 /* AddMatchPrototypeViewController.swift in Sources */ = {isa = PBXBuildFile; fileRef = B698B6851C84E0000067F8E8 /* AddMatchPrototypeViewController.swift */; };
		B698B6881C84E24E0067F8E8 /* AddIngredientAddMatchViewController.swift in Sources */ = {isa = PBXBuildFile; fileRef = B698B6871C84E24E0067F8E8 /* AddIngredientAddMatchViewController.swift */; };
		B69E27EA1C85834C00BA964C /* SetFilterTableViewCell.swift in Sources */ = {isa = PBXBuildFile; fileRef = B69E27E91C85834C00BA964C /* SetFilterTableViewCell.swift */; };
		B6A779081C6C248F0005B44C /* SearchIngredientsViewController.swift in Sources */ = {isa = PBXBuildFile; fileRef = B6A779071C6C248F0005B44C /* SearchIngredientsViewController.swift */; };
		B6BFE6991C82B63F004FD05D /* AddMatchViewController.swift in Sources */ = {isa = PBXBuildFile; fileRef = B6BFE6981C82B63F004FD05D /* AddMatchViewController.swift */; };
		B6E0C4EB1C6926E2008B7E2A /* AddFavoriteViewController.swift in Sources */ = {isa = PBXBuildFile; fileRef = B6E0C4EA1C6926E2008B7E2A /* AddFavoriteViewController.swift */; };
		B6EA63591BEEB4660017C063 /* PFFavorite.swift in Sources */ = {isa = PBXBuildFile; fileRef = B6EA63581BEEB4660017C063 /* PFFavorite.swift */; };
		B6F3B74F1BE8833E00AF791A /* PFMatch.swift in Sources */ = {isa = PBXBuildFile; fileRef = B6F3B74E1BE8833E00AF791A /* PFMatch.swift */; };
		B6F55CA51C5E87B400854B07 /* HotpotSubviewController.swift in Sources */ = {isa = PBXBuildFile; fileRef = B6F55CA41C5E87B400854B07 /* HotpotSubviewController.swift */; };
		B6F55CA71C5E88D300854B07 /* FilterBarSubviewController.swift in Sources */ = {isa = PBXBuildFile; fileRef = B6F55CA61C5E88D300854B07 /* FilterBarSubviewController.swift */; };
/* End PBXBuildFile section */

/* Begin PBXContainerItemProxy section */
		883AC6381BC1A3C0009136E9 /* PBXContainerItemProxy */ = {
			isa = PBXContainerItemProxy;
			containerPortal = 883AC61A1BC1A3C0009136E9 /* Project object */;
			proxyType = 1;
			remoteGlobalIDString = 883AC6211BC1A3C0009136E9;
			remoteInfo = FlavorFinder;
		};
/* End PBXContainerItemProxy section */

/* Begin PBXFileReference section */
		2C3E9A246B0E3665372C6048 /* Pods-FlavorFinder.release.xcconfig */ = {isa = PBXFileReference; includeInIndex = 1; lastKnownFileType = text.xcconfig; name = "Pods-FlavorFinder.release.xcconfig"; path = "Pods/Target Support Files/Pods-FlavorFinder/Pods-FlavorFinder.release.xcconfig"; sourceTree = "<group>"; };
		60216E651BEC4F740029454B /* UiUtils.swift */ = {isa = PBXFileReference; fileEncoding = 4; lastKnownFileType = sourcecode.swift; path = UiUtils.swift; sourceTree = "<group>"; };
		602B7CBE1C5FC4D80068D847 /* RegisterView.swift */ = {isa = PBXFileReference; fileEncoding = 4; lastKnownFileType = sourcecode.swift; path = RegisterView.swift; sourceTree = "<group>"; };
		603E4D831C67C28B00F3D554 /* EditListPage.swift */ = {isa = PBXFileReference; fileEncoding = 4; lastKnownFileType = sourcecode.swift; path = EditListPage.swift; sourceTree = "<group>"; };
		6056F0B71C6C26D0002B0D29 /* SettingsPageController.swift */ = {isa = PBXFileReference; fileEncoding = 4; lastKnownFileType = sourcecode.swift; path = SettingsPageController.swift; sourceTree = "<group>"; };
		6062FDC01C5F3386009B2EEB /* LoginViewPage.swift */ = {isa = PBXFileReference; fileEncoding = 4; lastKnownFileType = sourcecode.swift; path = LoginViewPage.swift; sourceTree = "<group>"; };
		607099391C825304003C1BD5 /* Toast.swift */ = {isa = PBXFileReference; fileEncoding = 4; lastKnownFileType = sourcecode.swift; path = Toast.swift; sourceTree = "<group>"; };
		609432661C42DCA800BA0577 /* FavoritesPageController.swift */ = {isa = PBXFileReference; fileEncoding = 4; lastKnownFileType = sourcecode.swift; path = FavoritesPageController.swift; sourceTree = "<group>"; };
		609432681C42DD6500BA0577 /* ListsPageController.swift */ = {isa = PBXFileReference; fileEncoding = 4; lastKnownFileType = sourcecode.swift; path = ListsPageController.swift; sourceTree = "<group>"; };
		609E66601C7E89B000DE2A28 /* CreateNewList.swift */ = {isa = PBXFileReference; fileEncoding = 4; lastKnownFileType = sourcecode.swift; path = CreateNewList.swift; sourceTree = "<group>"; };
		60AD7BDE1C7A47470002A7DF /* AddToListPage.swift */ = {isa = PBXFileReference; fileEncoding = 4; lastKnownFileType = sourcecode.swift; path = AddToListPage.swift; sourceTree = "<group>"; };
		60B3F16C1C5AE41D0018AA29 /* ListDetailController.swift */ = {isa = PBXFileReference; fileEncoding = 4; lastKnownFileType = sourcecode.swift; path = ListDetailController.swift; sourceTree = "<group>"; };
		60C7A3471C83788B00622116 /* CreateNewListFromSearch.swift */ = {isa = PBXFileReference; fileEncoding = 4; lastKnownFileType = sourcecode.swift; path = CreateNewListFromSearch.swift; sourceTree = "<group>"; };
		60D22BA31C723B9B00A72FB2 /* AddHotpotToList.swift */ = {isa = PBXFileReference; fileEncoding = 4; lastKnownFileType = sourcecode.swift; path = AddHotpotToList.swift; sourceTree = "<group>"; };
		60DFE76D1C6148D400A6EF85 /* SearchUtils.swift */ = {isa = PBXFileReference; fileEncoding = 4; lastKnownFileType = sourcecode.swift; path = SearchUtils.swift; sourceTree = "<group>"; };
		60FEE38C1BE570E000F51BE8 /* FlavorFinder-Bridging-Header.h */ = {isa = PBXFileReference; lastKnownFileType = sourcecode.c.h; path = "FlavorFinder-Bridging-Header.h"; sourceTree = "<group>"; };
		60FEE38D1BE570E100F51BE8 /* KeychainWrapper.h */ = {isa = PBXFileReference; fileEncoding = 4; lastKnownFileType = sourcecode.c.h; path = KeychainWrapper.h; sourceTree = "<group>"; };
		60FEE38E1BE570E100F51BE8 /* KeychainWrapper.m */ = {isa = PBXFileReference; fileEncoding = 4; lastKnownFileType = sourcecode.c.objc; path = KeychainWrapper.m; sourceTree = "<group>"; };
		6F0701BEA3C57EBBE60538B5 /* Pods_FlavorFinder.framework */ = {isa = PBXFileReference; explicitFileType = wrapper.framework; includeInIndex = 0; path = Pods_FlavorFinder.framework; sourceTree = BUILT_PRODUCTS_DIR; };
		7ED753512243C86842952CBD /* Pods-FlavorFinder.debug.xcconfig */ = {isa = PBXFileReference; includeInIndex = 1; lastKnownFileType = text.xcconfig; name = "Pods-FlavorFinder.debug.xcconfig"; path = "Pods/Target Support Files/Pods-FlavorFinder/Pods-FlavorFinder.debug.xcconfig"; sourceTree = "<group>"; };
		880DA78B1BE1FB03003C67F0 /* Globals.swift */ = {isa = PBXFileReference; fileEncoding = 4; lastKnownFileType = sourcecode.swift; path = Globals.swift; sourceTree = "<group>"; };
		882FFD641BD9A48D00710F35 /* Bolts.framework */ = {isa = PBXFileReference; lastKnownFileType = wrapper.framework; path = Bolts.framework; sourceTree = "<group>"; };
		882FFD651BD9A48D00710F35 /* Parse.framework */ = {isa = PBXFileReference; lastKnownFileType = wrapper.framework; path = Parse.framework; sourceTree = "<group>"; };
		882FFD681BD9A55F00710F35 /* AudioToolbox.framework */ = {isa = PBXFileReference; lastKnownFileType = wrapper.framework; name = AudioToolbox.framework; path = System/Library/Frameworks/AudioToolbox.framework; sourceTree = SDKROOT; };
		882FFD6A1BD9A56400710F35 /* CFNetwork.framework */ = {isa = PBXFileReference; lastKnownFileType = wrapper.framework; name = CFNetwork.framework; path = System/Library/Frameworks/CFNetwork.framework; sourceTree = SDKROOT; };
		882FFD6C1BD9A56C00710F35 /* CoreGraphics.framework */ = {isa = PBXFileReference; lastKnownFileType = wrapper.framework; name = CoreGraphics.framework; path = System/Library/Frameworks/CoreGraphics.framework; sourceTree = SDKROOT; };
		882FFD6E1BD9A57500710F35 /* CoreLocation.framework */ = {isa = PBXFileReference; lastKnownFileType = wrapper.framework; name = CoreLocation.framework; path = System/Library/Frameworks/CoreLocation.framework; sourceTree = SDKROOT; };
		882FFD701BD9A57E00710F35 /* QuartzCore.framework */ = {isa = PBXFileReference; lastKnownFileType = wrapper.framework; name = QuartzCore.framework; path = System/Library/Frameworks/QuartzCore.framework; sourceTree = SDKROOT; };
		882FFD721BD9A58600710F35 /* Security.framework */ = {isa = PBXFileReference; lastKnownFileType = wrapper.framework; name = Security.framework; path = System/Library/Frameworks/Security.framework; sourceTree = SDKROOT; };
		882FFD741BD9A58E00710F35 /* StoreKit.framework */ = {isa = PBXFileReference; lastKnownFileType = wrapper.framework; name = StoreKit.framework; path = System/Library/Frameworks/StoreKit.framework; sourceTree = SDKROOT; };
		882FFD761BD9A59800710F35 /* SystemConfiguration.framework */ = {isa = PBXFileReference; lastKnownFileType = wrapper.framework; name = SystemConfiguration.framework; path = System/Library/Frameworks/SystemConfiguration.framework; sourceTree = SDKROOT; };
		882FFD781BD9A5A300710F35 /* libz.tbd */ = {isa = PBXFileReference; lastKnownFileType = "sourcecode.text-based-dylib-definition"; name = libz.tbd; path = usr/lib/libz.tbd; sourceTree = SDKROOT; };
		882FFD7A1BD9A5B000710F35 /* libsqlite3.tbd */ = {isa = PBXFileReference; lastKnownFileType = "sourcecode.text-based-dylib-definition"; name = libsqlite3.tbd; path = usr/lib/libsqlite3.tbd; sourceTree = SDKROOT; };
		8839994A1C554ACB003F5CD2 /* HotpotCollectionViewCell.swift */ = {isa = PBXFileReference; fileEncoding = 4; lastKnownFileType = sourcecode.swift; path = HotpotCollectionViewCell.swift; sourceTree = "<group>"; };
		8839994C1C554B3E003F5CD2 /* RemoveHotpotIngredientButton.swift */ = {isa = PBXFileReference; fileEncoding = 4; lastKnownFileType = sourcecode.swift; path = RemoveHotpotIngredientButton.swift; sourceTree = "<group>"; };
		8839994E1C555A34003F5CD2 /* PFList.swift */ = {isa = PBXFileReference; fileEncoding = 4; lastKnownFileType = sourcecode.swift; path = PFList.swift; sourceTree = "<group>"; };
		883AC6221BC1A3C0009136E9 /* FlavorFinder.app */ = {isa = PBXFileReference; explicitFileType = wrapper.application; includeInIndex = 0; path = FlavorFinder.app; sourceTree = BUILT_PRODUCTS_DIR; };
		883AC6261BC1A3C0009136E9 /* Info.plist */ = {isa = PBXFileReference; lastKnownFileType = text.plist.xml; path = Info.plist; sourceTree = "<group>"; };
		883AC6271BC1A3C0009136E9 /* AppDelegate.swift */ = {isa = PBXFileReference; lastKnownFileType = sourcecode.swift; path = AppDelegate.swift; sourceTree = "<group>"; };
		883AC62C1BC1A3C0009136E9 /* Base */ = {isa = PBXFileReference; lastKnownFileType = file.storyboard; name = Base; path = Base.lproj/Main.storyboard; sourceTree = "<group>"; };
		883AC62E1BC1A3C0009136E9 /* Images.xcassets */ = {isa = PBXFileReference; lastKnownFileType = folder.assetcatalog; path = Images.xcassets; sourceTree = "<group>"; };
		883AC6311BC1A3C0009136E9 /* Base */ = {isa = PBXFileReference; lastKnownFileType = file.xib; name = Base; path = Base.lproj/LaunchScreen.xib; sourceTree = "<group>"; };
		883AC6371BC1A3C0009136E9 /* FlavorFinderTests.xctest */ = {isa = PBXFileReference; explicitFileType = wrapper.cfbundle; includeInIndex = 0; path = FlavorFinderTests.xctest; sourceTree = BUILT_PRODUCTS_DIR; };
		883AC63C1BC1A3C0009136E9 /* Info.plist */ = {isa = PBXFileReference; lastKnownFileType = text.plist.xml; path = Info.plist; sourceTree = "<group>"; };
		883AC63D1BC1A3C0009136E9 /* FlavorFinderTests.swift */ = {isa = PBXFileReference; lastKnownFileType = sourcecode.swift; path = FlavorFinderTests.swift; sourceTree = "<group>"; };
		8868ECFB1BD9B53D009BB8B0 /* flavorbible.db */ = {isa = PBXFileReference; lastKnownFileType = file; path = flavorbible.db; sourceTree = "<group>"; };
		8875DE291BE041D200CD50EA /* UITextField+LeftMargin.swift */ = {isa = PBXFileReference; fileEncoding = 4; lastKnownFileType = sourcecode.swift; path = "UITextField+LeftMargin.swift"; sourceTree = "<group>"; };
		8875DE2B1BE04DD900CD50EA /* LoginUtils.swift */ = {isa = PBXFileReference; fileEncoding = 4; lastKnownFileType = sourcecode.swift; path = LoginUtils.swift; sourceTree = "<group>"; };
		8875DE311BE051B100CD50EA /* Database.swift */ = {isa = PBXFileReference; fileEncoding = 4; lastKnownFileType = sourcecode.swift; path = Database.swift; sourceTree = "<group>"; };
		8875DE341BE053ED00CD50EA /* Voting.swift */ = {isa = PBXFileReference; fileEncoding = 4; lastKnownFileType = sourcecode.swift; path = Voting.swift; sourceTree = "<group>"; };
		8875DE381BE06FB300CD50EA /* MenuTableViewController.swift */ = {isa = PBXFileReference; fileEncoding = 4; lastKnownFileType = sourcecode.swift; path = MenuTableViewController.swift; sourceTree = "<group>"; };
		8875DE3A1BE0751B00CD50EA /* MainNavigationController.swift */ = {isa = PBXFileReference; fileEncoding = 4; lastKnownFileType = sourcecode.swift; path = MainNavigationController.swift; sourceTree = "<group>"; };
		888D1A3F1BDEF816007F09AE /* Stack.swift */ = {isa = PBXFileReference; fileEncoding = 4; lastKnownFileType = sourcecode.swift; path = Stack.swift; sourceTree = "<group>"; };
		88998E201BEC365D00087406 /* PFVote.swift */ = {isa = PBXFileReference; fileEncoding = 4; lastKnownFileType = sourcecode.swift; path = PFVote.swift; sourceTree = "<group>"; };
		88A2B6941C8365A100424652 /* FavoriteTableViewCell.swift */ = {isa = PBXFileReference; fileEncoding = 4; lastKnownFileType = sourcecode.swift; path = FavoriteTableViewCell.swift; sourceTree = "<group>"; };
		88A2B6961C83666900424652 /* ListIngredientTableViewCell.swift */ = {isa = PBXFileReference; fileEncoding = 4; lastKnownFileType = sourcecode.swift; path = ListIngredientTableViewCell.swift; sourceTree = "<group>"; };
		88F0E5001BE54111003CB35B /* Animations.swift */ = {isa = PBXFileReference; fileEncoding = 4; lastKnownFileType = sourcecode.swift; path = Animations.swift; sourceTree = "<group>"; };
		88F413F91BC74A00000C0093 /* MatchTableViewCell.swift */ = {isa = PBXFileReference; fileEncoding = 4; lastKnownFileType = sourcecode.swift; path = MatchTableViewCell.swift; sourceTree = "<group>"; };
		B61AD2C41C5BFB9C00081BF4 /* SearchResultsSubviewController.swift */ = {isa = PBXFileReference; fileEncoding = 4; lastKnownFileType = sourcecode.swift; path = SearchResultsSubviewController.swift; sourceTree = "<group>"; };
		B61FEBCD1C4430D30028F800 /* EmptySegue.swift */ = {isa = PBXFileReference; fileEncoding = 4; lastKnownFileType = sourcecode.swift; path = EmptySegue.swift; sourceTree = "<group>"; };
		B62AF0021C93E5DD003E43BF /* PFIngredient.swift */ = {isa = PBXFileReference; fileEncoding = 4; lastKnownFileType = sourcecode.swift; path = PFIngredient.swift; sourceTree = "<group>"; };
		B63F60201C725C0C0057D726 /* TextUtils.swift */ = {isa = PBXFileReference; fileEncoding = 4; lastKnownFileType = sourcecode.swift; path = TextUtils.swift; sourceTree = "<group>"; };
		B6420CB41C836C8300260779 /* AddIngredientViewController.swift */ = {isa = PBXFileReference; fileEncoding = 4; lastKnownFileType = sourcecode.swift; path = AddIngredientViewController.swift; sourceTree = "<group>"; };
		B64E25EF1C7A3355003D53BD /* LoginModuleParentViewController.swift */ = {isa = PBXFileReference; fileEncoding = 4; lastKnownFileType = sourcecode.swift; path = LoginModuleParentViewController.swift; sourceTree = "<group>"; };
		B65DE16D1C822B6F005B66AE /* GotNaviViewController.swift */ = {isa = PBXFileReference; fileEncoding = 4; lastKnownFileType = sourcecode.swift; path = GotNaviViewController.swift; sourceTree = "<group>"; };
		B65DE16F1C82476F005B66AE /* MorePageController.swift */ = {isa = PBXFileReference; fileEncoding = 4; lastKnownFileType = sourcecode.swift; path = MorePageController.swift; sourceTree = "<group>"; };
		B6739A131C59971B0004F982 /* ContainerParentViewController.swift */ = {isa = PBXFileReference; fileEncoding = 4; lastKnownFileType = sourcecode.swift; path = ContainerParentViewController.swift; sourceTree = "<group>"; };
		B6739A151C59973A0004F982 /* ContainerViewController.swift */ = {isa = PBXFileReference; fileEncoding = 4; lastKnownFileType = sourcecode.swift; path = ContainerViewController.swift; sourceTree = "<group>"; };
		B6739A171C5997760004F982 /* LandingPageController.swift */ = {isa = PBXFileReference; fileEncoding = 4; lastKnownFileType = sourcecode.swift; path = LandingPageController.swift; sourceTree = "<group>"; };
		B6739A1B1C5999D20004F982 /* NewSearchViewController.swift */ = {isa = PBXFileReference; fileEncoding = 4; lastKnownFileType = sourcecode.swift; path = NewSearchViewController.swift; sourceTree = "<group>"; };
		B685D2B21C5DE775001C37FF /* SearchResultsViewController.swift */ = {isa = PBXFileReference; fileEncoding = 4; lastKnownFileType = sourcecode.swift; path = SearchResultsViewController.swift; sourceTree = "<group>"; };
		B698B6851C84E0000067F8E8 /* AddMatchPrototypeViewController.swift */ = {isa = PBXFileReference; fileEncoding = 4; lastKnownFileType = sourcecode.swift; path = AddMatchPrototypeViewController.swift; sourceTree = "<group>"; };
		B698B6871C84E24E0067F8E8 /* AddIngredientAddMatchViewController.swift */ = {isa = PBXFileReference; fileEncoding = 4; lastKnownFileType = sourcecode.swift; path = AddIngredientAddMatchViewController.swift; sourceTree = "<group>"; };
		B69E27E91C85834C00BA964C /* SetFilterTableViewCell.swift */ = {isa = PBXFileReference; fileEncoding = 4; lastKnownFileType = sourcecode.swift; path = SetFilterTableViewCell.swift; sourceTree = "<group>"; };
		B6A779071C6C248F0005B44C /* SearchIngredientsViewController.swift */ = {isa = PBXFileReference; fileEncoding = 4; lastKnownFileType = sourcecode.swift; path = SearchIngredientsViewController.swift; sourceTree = "<group>"; };
		B6BFE6981C82B63F004FD05D /* AddMatchViewController.swift */ = {isa = PBXFileReference; fileEncoding = 4; lastKnownFileType = sourcecode.swift; path = AddMatchViewController.swift; sourceTree = "<group>"; };
		B6E0C4EA1C6926E2008B7E2A /* AddFavoriteViewController.swift */ = {isa = PBXFileReference; fileEncoding = 4; lastKnownFileType = sourcecode.swift; path = AddFavoriteViewController.swift; sourceTree = "<group>"; };
		B6EA63581BEEB4660017C063 /* PFFavorite.swift */ = {isa = PBXFileReference; fileEncoding = 4; lastKnownFileType = sourcecode.swift; path = PFFavorite.swift; sourceTree = "<group>"; };
		B6F3B74E1BE8833E00AF791A /* PFMatch.swift */ = {isa = PBXFileReference; fileEncoding = 4; lastKnownFileType = sourcecode.swift; path = PFMatch.swift; sourceTree = "<group>"; };
		B6F55CA41C5E87B400854B07 /* HotpotSubviewController.swift */ = {isa = PBXFileReference; fileEncoding = 4; lastKnownFileType = sourcecode.swift; path = HotpotSubviewController.swift; sourceTree = "<group>"; };
		B6F55CA61C5E88D300854B07 /* FilterBarSubviewController.swift */ = {isa = PBXFileReference; fileEncoding = 4; lastKnownFileType = sourcecode.swift; path = FilterBarSubviewController.swift; sourceTree = "<group>"; };
/* End PBXFileReference section */

/* Begin PBXFrameworksBuildPhase section */
		883AC61F1BC1A3C0009136E9 /* Frameworks */ = {
			isa = PBXFrameworksBuildPhase;
			buildActionMask = 2147483647;
			files = (
				882FFD7B1BD9A5B000710F35 /* libsqlite3.tbd in Frameworks */,
				882FFD791BD9A5A300710F35 /* libz.tbd in Frameworks */,
				882FFD771BD9A59800710F35 /* SystemConfiguration.framework in Frameworks */,
				882FFD751BD9A58E00710F35 /* StoreKit.framework in Frameworks */,
				882FFD731BD9A58600710F35 /* Security.framework in Frameworks */,
				882FFD711BD9A57E00710F35 /* QuartzCore.framework in Frameworks */,
				882FFD6F1BD9A57500710F35 /* CoreLocation.framework in Frameworks */,
				882FFD6D1BD9A56C00710F35 /* CoreGraphics.framework in Frameworks */,
				882FFD6B1BD9A56400710F35 /* CFNetwork.framework in Frameworks */,
				882FFD691BD9A55F00710F35 /* AudioToolbox.framework in Frameworks */,
				56D23A31BA541208CC4BAC9D /* Pods_FlavorFinder.framework in Frameworks */,
				882FFD671BD9A48D00710F35 /* Parse.framework in Frameworks */,
				882FFD661BD9A48D00710F35 /* Bolts.framework in Frameworks */,
			);
			runOnlyForDeploymentPostprocessing = 0;
		};
		883AC6341BC1A3C0009136E9 /* Frameworks */ = {
			isa = PBXFrameworksBuildPhase;
			buildActionMask = 2147483647;
			files = (
			);
			runOnlyForDeploymentPostprocessing = 0;
		};
/* End PBXFrameworksBuildPhase section */

/* Begin PBXGroup section */
		6743D2DA03BF229740565999 /* Frameworks */ = {
			isa = PBXGroup;
			children = (
				607099391C825304003C1BD5 /* Toast.swift */,
				882FFD7A1BD9A5B000710F35 /* libsqlite3.tbd */,
				882FFD781BD9A5A300710F35 /* libz.tbd */,
				882FFD761BD9A59800710F35 /* SystemConfiguration.framework */,
				882FFD741BD9A58E00710F35 /* StoreKit.framework */,
				882FFD721BD9A58600710F35 /* Security.framework */,
				882FFD701BD9A57E00710F35 /* QuartzCore.framework */,
				882FFD6E1BD9A57500710F35 /* CoreLocation.framework */,
				882FFD6C1BD9A56C00710F35 /* CoreGraphics.framework */,
				882FFD6A1BD9A56400710F35 /* CFNetwork.framework */,
				882FFD681BD9A55F00710F35 /* AudioToolbox.framework */,
				882FFD641BD9A48D00710F35 /* Bolts.framework */,
				882FFD651BD9A48D00710F35 /* Parse.framework */,
				6F0701BEA3C57EBBE60538B5 /* Pods_FlavorFinder.framework */,
			);
			name = Frameworks;
			sourceTree = "<group>";
		};
		8053C7A060CD5366C2289856 /* Pods */ = {
			isa = PBXGroup;
			children = (
				7ED753512243C86842952CBD /* Pods-FlavorFinder.debug.xcconfig */,
				2C3E9A246B0E3665372C6048 /* Pods-FlavorFinder.release.xcconfig */,
			);
			name = Pods;
			sourceTree = "<group>";
		};
		883AC6191BC1A3C0009136E9 = {
			isa = PBXGroup;
			children = (
				883AC6241BC1A3C0009136E9 /* FlavorFinder */,
				883AC63A1BC1A3C0009136E9 /* FlavorFinderTests */,
				883AC6231BC1A3C0009136E9 /* Products */,
				8053C7A060CD5366C2289856 /* Pods */,
				6743D2DA03BF229740565999 /* Frameworks */,
			);
			sourceTree = "<group>";
		};
		883AC6231BC1A3C0009136E9 /* Products */ = {
			isa = PBXGroup;
			children = (
				883AC6221BC1A3C0009136E9 /* FlavorFinder.app */,
				883AC6371BC1A3C0009136E9 /* FlavorFinderTests.xctest */,
			);
			name = Products;
			sourceTree = "<group>";
		};
		883AC6241BC1A3C0009136E9 /* FlavorFinder */ = {
			isa = PBXGroup;
			children = (
				60FEE38D1BE570E100F51BE8 /* KeychainWrapper.h */,
				60FEE38E1BE570E100F51BE8 /* KeychainWrapper.m */,
				883AC6271BC1A3C0009136E9 /* AppDelegate.swift */,
				88F0E5001BE54111003CB35B /* Animations.swift */,
				880DA78B1BE1FB03003C67F0 /* Globals.swift */,
				B61FEBCC1C44309F0028F800 /* CustomSegues */,
				8875DE2F1BE0500100CD50EA /* Models */,
				8875DE2D1BE04FBC00CD50EA /* Views */,
				8875DE2E1BE04FDF00CD50EA /* Controllers */,
				8875DE301BE050B600CD50EA /* Resources */,
				883AC6251BC1A3C0009136E9 /* Supporting Files */,
				60FEE38C1BE570E000F51BE8 /* FlavorFinder-Bridging-Header.h */,
			);
			path = FlavorFinder;
			sourceTree = "<group>";
		};
		883AC6251BC1A3C0009136E9 /* Supporting Files */ = {
			isa = PBXGroup;
			children = (
				883AC6261BC1A3C0009136E9 /* Info.plist */,
			);
			name = "Supporting Files";
			sourceTree = "<group>";
		};
		883AC63A1BC1A3C0009136E9 /* FlavorFinderTests */ = {
			isa = PBXGroup;
			children = (
				883AC63D1BC1A3C0009136E9 /* FlavorFinderTests.swift */,
				883AC63B1BC1A3C0009136E9 /* Supporting Files */,
			);
			path = FlavorFinderTests;
			sourceTree = "<group>";
		};
		883AC63B1BC1A3C0009136E9 /* Supporting Files */ = {
			isa = PBXGroup;
			children = (
				883AC63C1BC1A3C0009136E9 /* Info.plist */,
			);
			name = "Supporting Files";
			sourceTree = "<group>";
		};
		8875DE2D1BE04FBC00CD50EA /* Views */ = {
			isa = PBXGroup;
			children = (
				883AC6301BC1A3C0009136E9 /* LaunchScreen.xib */,
				883AC62B1BC1A3C0009136E9 /* Main.storyboard */,
				88F413F91BC74A00000C0093 /* MatchTableViewCell.swift */,
				88A2B6941C8365A100424652 /* FavoriteTableViewCell.swift */,
				88A2B6961C83666900424652 /* ListIngredientTableViewCell.swift */,
				8839994A1C554ACB003F5CD2 /* HotpotCollectionViewCell.swift */,
				B69E27E91C85834C00BA964C /* SetFilterTableViewCell.swift */,
			);
			name = Views;
			sourceTree = "<group>";
		};
		8875DE2E1BE04FDF00CD50EA /* Controllers */ = {
			isa = PBXGroup;
			children = (
				B6A49C4F1C4F45E600586B15 /* Deprecated */,
				B6A49C4E1C4F45B000586B15 /* Pages */,
				B685D2B11C5DE6E6001C37FF /* SearchResultsVC */,
				B6260A911C69321200BC0717 /* ListSubpages */,
				B65DE1711C824827005B66AE /* Login Module */,
				B6A779091C6C249D0005B44C /* Prototype VC Classes */,
				8875DE3A1BE0751B00CD50EA /* MainNavigationController.swift */,
				B6E0C4EA1C6926E2008B7E2A /* AddFavoriteViewController.swift */,
				B6BFE6981C82B63F004FD05D /* AddMatchViewController.swift */,
				8875DE381BE06FB300CD50EA /* MenuTableViewController.swift */,
				B6739A1B1C5999D20004F982 /* NewSearchViewController.swift */,
				B6420CB41C836C8300260779 /* AddIngredientViewController.swift */,
				B698B6871C84E24E0067F8E8 /* AddIngredientAddMatchViewController.swift */,
			);
			name = Controllers;
			sourceTree = "<group>";
		};
		8875DE2F1BE0500100CD50EA /* Models */ = {
			isa = PBXGroup;
			children = (
				B62AF0021C93E5DD003E43BF /* PFIngredient.swift */,
				60DFE76D1C6148D400A6EF85 /* SearchUtils.swift */,
				8875DE311BE051B100CD50EA /* Database.swift */,
				8875DE2B1BE04DD900CD50EA /* LoginUtils.swift */,
				B6EA63581BEEB4660017C063 /* PFFavorite.swift */,
				8839994E1C555A34003F5CD2 /* PFList.swift */,
				B6F3B74E1BE8833E00AF791A /* PFMatch.swift */,
				88998E201BEC365D00087406 /* PFVote.swift */,
				8839994C1C554B3E003F5CD2 /* RemoveHotpotIngredientButton.swift */,
				888D1A3F1BDEF816007F09AE /* Stack.swift */,
				8875DE291BE041D200CD50EA /* UITextField+LeftMargin.swift */,
				8875DE341BE053ED00CD50EA /* Voting.swift */,
				B63F60201C725C0C0057D726 /* TextUtils.swift */,
				60216E651BEC4F740029454B /* UiUtils.swift */,
			);
			name = Models;
			sourceTree = "<group>";
		};
		8875DE301BE050B600CD50EA /* Resources */ = {
			isa = PBXGroup;
			children = (
				8868ECFB1BD9B53D009BB8B0 /* flavorbible.db */,
				883AC62E1BC1A3C0009136E9 /* Images.xcassets */,
			);
			name = Resources;
			sourceTree = "<group>";
		};
		B61FEBCC1C44309F0028F800 /* CustomSegues */ = {
			isa = PBXGroup;
			children = (
				B61FEBCD1C4430D30028F800 /* EmptySegue.swift */,
			);
			name = CustomSegues;
			sourceTree = "<group>";
		};
		B6260A911C69321200BC0717 /* ListSubpages */ = {
			isa = PBXGroup;
			children = (
				60C7A3471C83788B00622116 /* CreateNewListFromSearch.swift */,
				609E66601C7E89B000DE2A28 /* CreateNewList.swift */,
				60AD7BDE1C7A47470002A7DF /* AddToListPage.swift */,
				60D22BA31C723B9B00A72FB2 /* AddHotpotToList.swift */,
				60B3F16C1C5AE41D0018AA29 /* ListDetailController.swift */,
				603E4D831C67C28B00F3D554 /* EditListPage.swift */,
			);
			name = ListSubpages;
			sourceTree = "<group>";
		};
		B65DE1711C824827005B66AE /* Login Module */ = {
			isa = PBXGroup;
			children = (
				6062FDC01C5F3386009B2EEB /* LoginViewPage.swift */,
				602B7CBE1C5FC4D80068D847 /* RegisterView.swift */,
			);
			name = "Login Module";
			sourceTree = "<group>";
		};
		B685D2B11C5DE6E6001C37FF /* SearchResultsVC */ = {
			isa = PBXGroup;
			children = (
				B685D2B21C5DE775001C37FF /* SearchResultsViewController.swift */,
				B6F55CA61C5E88D300854B07 /* FilterBarSubviewController.swift */,
				B6F55CA41C5E87B400854B07 /* HotpotSubviewController.swift */,
				B61AD2C41C5BFB9C00081BF4 /* SearchResultsSubviewController.swift */,
			);
			name = SearchResultsVC;
			sourceTree = "<group>";
		};
		B685D2B41C5DE8D2001C37FF /* ContainerSystem */ = {
			isa = PBXGroup;
			children = (
				B6739A131C59971B0004F982 /* ContainerParentViewController.swift */,
				B6739A151C59973A0004F982 /* ContainerViewController.swift */,
			);
			name = ContainerSystem;
			sourceTree = "<group>";
		};
		B6A49C4E1C4F45B000586B15 /* Pages */ = {
			isa = PBXGroup;
			children = (
				6056F0B71C6C26D0002B0D29 /* SettingsPageController.swift */,
				B6739A171C5997760004F982 /* LandingPageController.swift */,
				609432661C42DCA800BA0577 /* FavoritesPageController.swift */,
				609432681C42DD6500BA0577 /* ListsPageController.swift */,
				B65DE16F1C82476F005B66AE /* MorePageController.swift */,
			);
			name = Pages;
			sourceTree = "<group>";
		};
		B6A49C4F1C4F45E600586B15 /* Deprecated */ = {
			isa = PBXGroup;
			children = (
			);
			name = Deprecated;
			sourceTree = "<group>";
		};
		B6A779091C6C249D0005B44C /* Prototype VC Classes */ = {
			isa = PBXGroup;
			children = (
				B685D2B41C5DE8D2001C37FF /* ContainerSystem */,
				B6A779071C6C248F0005B44C /* SearchIngredientsViewController.swift */,
				B65DE16D1C822B6F005B66AE /* GotNaviViewController.swift */,
				B64E25EF1C7A3355003D53BD /* LoginModuleParentViewController.swift */,
				B698B6851C84E0000067F8E8 /* AddMatchPrototypeViewController.swift */,
			);
			name = "Prototype VC Classes";
			sourceTree = "<group>";
		};
/* End PBXGroup section */

/* Begin PBXNativeTarget section */
		883AC6211BC1A3C0009136E9 /* FlavorFinder */ = {
			isa = PBXNativeTarget;
			buildConfigurationList = 883AC6411BC1A3C0009136E9 /* Build configuration list for PBXNativeTarget "FlavorFinder" */;
			buildPhases = (
				64D58810FDCD1F04073C3967 /* Check Pods Manifest.lock */,
				883AC61E1BC1A3C0009136E9 /* Sources */,
				883AC61F1BC1A3C0009136E9 /* Frameworks */,
				883AC6201BC1A3C0009136E9 /* Resources */,
				F9CD3946F6C94A17119AD15C /* Embed Pods Frameworks */,
				DE0322DFDFC322A2C013FF7B /* Copy Pods Resources */,
			);
			buildRules = (
			);
			dependencies = (
			);
			name = FlavorFinder;
			productName = FlavorFinder;
			productReference = 883AC6221BC1A3C0009136E9 /* FlavorFinder.app */;
			productType = "com.apple.product-type.application";
		};
		883AC6361BC1A3C0009136E9 /* FlavorFinderTests */ = {
			isa = PBXNativeTarget;
			buildConfigurationList = 883AC6441BC1A3C0009136E9 /* Build configuration list for PBXNativeTarget "FlavorFinderTests" */;
			buildPhases = (
				883AC6331BC1A3C0009136E9 /* Sources */,
				883AC6341BC1A3C0009136E9 /* Frameworks */,
				883AC6351BC1A3C0009136E9 /* Resources */,
			);
			buildRules = (
			);
			dependencies = (
				883AC6391BC1A3C0009136E9 /* PBXTargetDependency */,
			);
			name = FlavorFinderTests;
			productName = FlavorFinderTests;
			productReference = 883AC6371BC1A3C0009136E9 /* FlavorFinderTests.xctest */;
			productType = "com.apple.product-type.bundle.unit-test";
		};
/* End PBXNativeTarget section */

/* Begin PBXProject section */
		883AC61A1BC1A3C0009136E9 /* Project object */ = {
			isa = PBXProject;
			attributes = {
				LastSwiftMigration = 0700;
				LastSwiftUpdateCheck = 0700;
				LastUpgradeCheck = 0700;
				ORGANIZATIONNAME = TeamFive;
				TargetAttributes = {
					883AC6211BC1A3C0009136E9 = {
						CreatedOnToolsVersion = 6.4;
					};
					883AC6361BC1A3C0009136E9 = {
						CreatedOnToolsVersion = 6.4;
						TestTargetID = 883AC6211BC1A3C0009136E9;
					};
				};
			};
			buildConfigurationList = 883AC61D1BC1A3C0009136E9 /* Build configuration list for PBXProject "FlavorFinder" */;
			compatibilityVersion = "Xcode 3.2";
			developmentRegion = English;
			hasScannedForEncodings = 0;
			knownRegions = (
				en,
				Base,
			);
			mainGroup = 883AC6191BC1A3C0009136E9;
			productRefGroup = 883AC6231BC1A3C0009136E9 /* Products */;
			projectDirPath = "";
			projectRoot = "";
			targets = (
				883AC6211BC1A3C0009136E9 /* FlavorFinder */,
				883AC6361BC1A3C0009136E9 /* FlavorFinderTests */,
			);
		};
/* End PBXProject section */

/* Begin PBXResourcesBuildPhase section */
		883AC6201BC1A3C0009136E9 /* Resources */ = {
			isa = PBXResourcesBuildPhase;
			buildActionMask = 2147483647;
			files = (
				8868ECFC1BD9B549009BB8B0 /* flavorbible.db in Resources */,
				883AC62D1BC1A3C0009136E9 /* Main.storyboard in Resources */,
				883AC6321BC1A3C0009136E9 /* LaunchScreen.xib in Resources */,
				883AC62F1BC1A3C0009136E9 /* Images.xcassets in Resources */,
			);
			runOnlyForDeploymentPostprocessing = 0;
		};
		883AC6351BC1A3C0009136E9 /* Resources */ = {
			isa = PBXResourcesBuildPhase;
			buildActionMask = 2147483647;
			files = (
			);
			runOnlyForDeploymentPostprocessing = 0;
		};
/* End PBXResourcesBuildPhase section */

/* Begin PBXShellScriptBuildPhase section */
		64D58810FDCD1F04073C3967 /* Check Pods Manifest.lock */ = {
			isa = PBXShellScriptBuildPhase;
			buildActionMask = 2147483647;
			files = (
			);
			inputPaths = (
			);
			name = "Check Pods Manifest.lock";
			outputPaths = (
			);
			runOnlyForDeploymentPostprocessing = 0;
			shellPath = /bin/sh;
			shellScript = "diff \"${PODS_ROOT}/../Podfile.lock\" \"${PODS_ROOT}/Manifest.lock\" > /dev/null\nif [[ $? != 0 ]] ; then\n    cat << EOM\nerror: The sandbox is not in sync with the Podfile.lock. Run 'pod install' or update your CocoaPods installation.\nEOM\n    exit 1\nfi\n";
			showEnvVarsInLog = 0;
		};
		DE0322DFDFC322A2C013FF7B /* Copy Pods Resources */ = {
			isa = PBXShellScriptBuildPhase;
			buildActionMask = 2147483647;
			files = (
			);
			inputPaths = (
			);
			name = "Copy Pods Resources";
			outputPaths = (
			);
			runOnlyForDeploymentPostprocessing = 0;
			shellPath = /bin/sh;
			shellScript = "\"${SRCROOT}/Pods/Target Support Files/Pods-FlavorFinder/Pods-FlavorFinder-resources.sh\"\n";
			showEnvVarsInLog = 0;
		};
		F9CD3946F6C94A17119AD15C /* Embed Pods Frameworks */ = {
			isa = PBXShellScriptBuildPhase;
			buildActionMask = 2147483647;
			files = (
			);
			inputPaths = (
			);
			name = "Embed Pods Frameworks";
			outputPaths = (
			);
			runOnlyForDeploymentPostprocessing = 0;
			shellPath = /bin/sh;
			shellScript = "\"${SRCROOT}/Pods/Target Support Files/Pods-FlavorFinder/Pods-FlavorFinder-frameworks.sh\"\n";
			showEnvVarsInLog = 0;
		};
/* End PBXShellScriptBuildPhase section */

/* Begin PBXSourcesBuildPhase section */
		883AC61E1BC1A3C0009136E9 /* Sources */ = {
			isa = PBXSourcesBuildPhase;
			buildActionMask = 2147483647;
			files = (
				8875DE3B1BE0751B00CD50EA /* MainNavigationController.swift in Sources */,
				B61FEBCE1C4430D30028F800 /* EmptySegue.swift in Sources */,
				609E66611C7E89B000DE2A28 /* CreateNewList.swift in Sources */,
				B6F55CA51C5E87B400854B07 /* HotpotSubviewController.swift in Sources */,
				B69E27EA1C85834C00BA964C /* SetFilterTableViewCell.swift in Sources */,
				88F0E5011BE54111003CB35B /* Animations.swift in Sources */,
				88998E211BEC365D00087406 /* PFVote.swift in Sources */,
				B6739A161C59973A0004F982 /* ContainerViewController.swift in Sources */,
				8875DE321BE051B100CD50EA /* Database.swift in Sources */,
				6070993A1C825304003C1BD5 /* Toast.swift in Sources */,
				B685D2B31C5DE775001C37FF /* SearchResultsViewController.swift in Sources */,
				8839994D1C554B3E003F5CD2 /* RemoveHotpotIngredientButton.swift in Sources */,
				B6E0C4EB1C6926E2008B7E2A /* AddFavoriteViewController.swift in Sources */,
				8839994F1C555A34003F5CD2 /* PFList.swift in Sources */,
				8839994B1C554ACB003F5CD2 /* HotpotCollectionViewCell.swift in Sources */,
				88F413FA1BC74A00000C0093 /* MatchTableViewCell.swift in Sources */,
				60AD7BDF1C7A47470002A7DF /* AddToListPage.swift in Sources */,
				B6739A141C59971B0004F982 /* ContainerParentViewController.swift in Sources */,
				888D1A401BDEF816007F09AE /* Stack.swift in Sources */,
				B698B6881C84E24E0067F8E8 /* AddIngredientAddMatchViewController.swift in Sources */,
				B6420CB51C836C8300260779 /* AddIngredientViewController.swift in Sources */,
				B6F3B74F1BE8833E00AF791A /* PFMatch.swift in Sources */,
				60FEE38F1BE570E100F51BE8 /* KeychainWrapper.m in Sources */,
				60C7A3481C83788B00622116 /* CreateNewListFromSearch.swift in Sources */,
				8875DE2C1BE04DD900CD50EA /* LoginUtils.swift in Sources */,
				60D22BA41C723B9B00A72FB2 /* AddHotpotToList.swift in Sources */,
				60DFE76E1C6148D400A6EF85 /* SearchUtils.swift in Sources */,
				B62AF0031C93E5DD003E43BF /* PFIngredient.swift in Sources */,
				B698B6861C84E0000067F8E8 /* AddMatchPrototypeViewController.swift in Sources */,
				6062FDC11C5F3386009B2EEB /* LoginViewPage.swift in Sources */,
				B65DE16E1C822B6F005B66AE /* GotNaviViewController.swift in Sources */,
				880DA78C1BE1FB03003C67F0 /* Globals.swift in Sources */,
				B6739A1C1C5999D20004F982 /* NewSearchViewController.swift in Sources */,
				B64E25F01C7A3355003D53BD /* LoginModuleParentViewController.swift in Sources */,
				609432691C42DD6500BA0577 /* ListsPageController.swift in Sources */,
				B61AD2C51C5BFB9C00081BF4 /* SearchResultsSubviewController.swift in Sources */,
				B6BFE6991C82B63F004FD05D /* AddMatchViewController.swift in Sources */,
				B6739A181C5997760004F982 /* LandingPageController.swift in Sources */,
				B6A779081C6C248F0005B44C /* SearchIngredientsViewController.swift in Sources */,
				8875DE391BE06FB300CD50EA /* MenuTableViewController.swift in Sources */,
				602B7CBF1C5FC4D80068D847 /* RegisterView.swift in Sources */,
				B6F55CA71C5E88D300854B07 /* FilterBarSubviewController.swift in Sources */,
				60216E661BEC4F740029454B /* UiUtils.swift in Sources */,
				B6EA63591BEEB4660017C063 /* PFFavorite.swift in Sources */,
				88A2B6951C8365A100424652 /* FavoriteTableViewCell.swift in Sources */,
				60B3F16D1C5AE41D0018AA29 /* ListDetailController.swift in Sources */,
				B63F60211C725C0C0057D726 /* TextUtils.swift in Sources */,
				8875DE2A1BE041D200CD50EA /* UITextField+LeftMargin.swift in Sources */,
				88A2B6971C83666900424652 /* ListIngredientTableViewCell.swift in Sources */,
				B65DE1701C82476F005B66AE /* MorePageController.swift in Sources */,
				8875DE351BE053ED00CD50EA /* Voting.swift in Sources */,
				883AC6281BC1A3C0009136E9 /* AppDelegate.swift in Sources */,
				603E4D841C67C28B00F3D554 /* EditListPage.swift in Sources */,
				6056F0B81C6C26D0002B0D29 /* SettingsPageController.swift in Sources */,
				609432671C42DCA800BA0577 /* FavoritesPageController.swift in Sources */,
			);
			runOnlyForDeploymentPostprocessing = 0;
		};
		883AC6331BC1A3C0009136E9 /* Sources */ = {
			isa = PBXSourcesBuildPhase;
			buildActionMask = 2147483647;
			files = (
				883AC63E1BC1A3C0009136E9 /* FlavorFinderTests.swift in Sources */,
			);
			runOnlyForDeploymentPostprocessing = 0;
		};
/* End PBXSourcesBuildPhase section */

/* Begin PBXTargetDependency section */
		883AC6391BC1A3C0009136E9 /* PBXTargetDependency */ = {
			isa = PBXTargetDependency;
			target = 883AC6211BC1A3C0009136E9 /* FlavorFinder */;
			targetProxy = 883AC6381BC1A3C0009136E9 /* PBXContainerItemProxy */;
		};
/* End PBXTargetDependency section */

/* Begin PBXVariantGroup section */
		883AC62B1BC1A3C0009136E9 /* Main.storyboard */ = {
			isa = PBXVariantGroup;
			children = (
				883AC62C1BC1A3C0009136E9 /* Base */,
			);
			name = Main.storyboard;
			sourceTree = "<group>";
		};
		883AC6301BC1A3C0009136E9 /* LaunchScreen.xib */ = {
			isa = PBXVariantGroup;
			children = (
				883AC6311BC1A3C0009136E9 /* Base */,
			);
			name = LaunchScreen.xib;
			sourceTree = "<group>";
		};
/* End PBXVariantGroup section */

/* Begin XCBuildConfiguration section */
		883AC63F1BC1A3C0009136E9 /* Debug */ = {
			isa = XCBuildConfiguration;
			buildSettings = {
				ALWAYS_SEARCH_USER_PATHS = NO;
				CLANG_CXX_LANGUAGE_STANDARD = "gnu++0x";
				CLANG_CXX_LIBRARY = "libc++";
				CLANG_ENABLE_MODULES = YES;
				CLANG_ENABLE_OBJC_ARC = YES;
				CLANG_WARN_BOOL_CONVERSION = YES;
				CLANG_WARN_CONSTANT_CONVERSION = YES;
				CLANG_WARN_DIRECT_OBJC_ISA_USAGE = YES_ERROR;
				CLANG_WARN_EMPTY_BODY = YES;
				CLANG_WARN_ENUM_CONVERSION = YES;
				CLANG_WARN_INT_CONVERSION = YES;
				CLANG_WARN_OBJC_ROOT_CLASS = YES_ERROR;
				CLANG_WARN_UNREACHABLE_CODE = YES;
				CLANG_WARN__DUPLICATE_METHOD_MATCH = YES;
				"CODE_SIGN_IDENTITY[sdk=iphoneos*]" = "iPhone Developer";
				COPY_PHASE_STRIP = NO;
				DEBUG_INFORMATION_FORMAT = "dwarf-with-dsym";
				ENABLE_STRICT_OBJC_MSGSEND = YES;
				ENABLE_TESTABILITY = YES;
				GCC_C_LANGUAGE_STANDARD = gnu99;
				GCC_DYNAMIC_NO_PIC = NO;
				GCC_NO_COMMON_BLOCKS = YES;
				GCC_OPTIMIZATION_LEVEL = 0;
				GCC_PREPROCESSOR_DEFINITIONS = (
					"DEBUG=1",
					"$(inherited)",
				);
				GCC_SYMBOLS_PRIVATE_EXTERN = NO;
				GCC_WARN_64_TO_32_BIT_CONVERSION = YES;
				GCC_WARN_ABOUT_RETURN_TYPE = YES_ERROR;
				GCC_WARN_UNDECLARED_SELECTOR = YES;
				GCC_WARN_UNINITIALIZED_AUTOS = YES_AGGRESSIVE;
				GCC_WARN_UNUSED_FUNCTION = YES;
				GCC_WARN_UNUSED_VARIABLE = YES;
				IPHONEOS_DEPLOYMENT_TARGET = 9.0;
				MTL_ENABLE_DEBUG_INFO = YES;
				ONLY_ACTIVE_ARCH = YES;
				SDKROOT = iphoneos;
				SWIFT_OPTIMIZATION_LEVEL = "-Onone";
				TARGETED_DEVICE_FAMILY = "1,2";
			};
			name = Debug;
		};
		883AC6401BC1A3C0009136E9 /* Release */ = {
			isa = XCBuildConfiguration;
			buildSettings = {
				ALWAYS_SEARCH_USER_PATHS = NO;
				CLANG_CXX_LANGUAGE_STANDARD = "gnu++0x";
				CLANG_CXX_LIBRARY = "libc++";
				CLANG_ENABLE_MODULES = YES;
				CLANG_ENABLE_OBJC_ARC = YES;
				CLANG_WARN_BOOL_CONVERSION = YES;
				CLANG_WARN_CONSTANT_CONVERSION = YES;
				CLANG_WARN_DIRECT_OBJC_ISA_USAGE = YES_ERROR;
				CLANG_WARN_EMPTY_BODY = YES;
				CLANG_WARN_ENUM_CONVERSION = YES;
				CLANG_WARN_INT_CONVERSION = YES;
				CLANG_WARN_OBJC_ROOT_CLASS = YES_ERROR;
				CLANG_WARN_UNREACHABLE_CODE = YES;
				CLANG_WARN__DUPLICATE_METHOD_MATCH = YES;
				"CODE_SIGN_IDENTITY[sdk=iphoneos*]" = "iPhone Developer";
				COPY_PHASE_STRIP = NO;
				DEBUG_INFORMATION_FORMAT = "dwarf-with-dsym";
				ENABLE_NS_ASSERTIONS = NO;
				ENABLE_STRICT_OBJC_MSGSEND = YES;
				GCC_C_LANGUAGE_STANDARD = gnu99;
				GCC_NO_COMMON_BLOCKS = YES;
				GCC_WARN_64_TO_32_BIT_CONVERSION = YES;
				GCC_WARN_ABOUT_RETURN_TYPE = YES_ERROR;
				GCC_WARN_UNDECLARED_SELECTOR = YES;
				GCC_WARN_UNINITIALIZED_AUTOS = YES_AGGRESSIVE;
				GCC_WARN_UNUSED_FUNCTION = YES;
				GCC_WARN_UNUSED_VARIABLE = YES;
				IPHONEOS_DEPLOYMENT_TARGET = 9.0;
				MTL_ENABLE_DEBUG_INFO = NO;
				SDKROOT = iphoneos;
				TARGETED_DEVICE_FAMILY = "1,2";
				VALIDATE_PRODUCT = YES;
			};
			name = Release;
		};
		883AC6421BC1A3C0009136E9 /* Debug */ = {
			isa = XCBuildConfiguration;
			baseConfigurationReference = 7ED753512243C86842952CBD /* Pods-FlavorFinder.debug.xcconfig */;
			buildSettings = {
				ASSETCATALOG_COMPILER_APPICON_NAME = AppIcon;
				CLANG_ENABLE_MODULES = YES;
				FRAMEWORK_SEARCH_PATHS = (
					"$(inherited)",
					"$(PROJECT_DIR)",
				);
				INFOPLIST_FILE = FlavorFinder/Info.plist;
				IPHONEOS_DEPLOYMENT_TARGET = 9.0;
				LD_RUNPATH_SEARCH_PATHS = "$(inherited) @executable_path/Frameworks";
				PRODUCT_BUNDLE_IDENTIFIER = "com.teamfive.$(PRODUCT_NAME:rfc1034identifier)";
				PRODUCT_NAME = "$(TARGET_NAME)";
				SWIFT_OBJC_BRIDGING_HEADER = "FlavorFinder/FlavorFinder-Bridging-Header.h";
				SWIFT_OPTIMIZATION_LEVEL = "-Onone";
			};
			name = Debug;
		};
		883AC6431BC1A3C0009136E9 /* Release */ = {
			isa = XCBuildConfiguration;
			baseConfigurationReference = 2C3E9A246B0E3665372C6048 /* Pods-FlavorFinder.release.xcconfig */;
			buildSettings = {
				ASSETCATALOG_COMPILER_APPICON_NAME = AppIcon;
				CLANG_ENABLE_MODULES = YES;
				FRAMEWORK_SEARCH_PATHS = (
					"$(inherited)",
					"$(PROJECT_DIR)",
				);
				INFOPLIST_FILE = FlavorFinder/Info.plist;
				IPHONEOS_DEPLOYMENT_TARGET = 9.0;
				LD_RUNPATH_SEARCH_PATHS = "$(inherited) @executable_path/Frameworks";
				PRODUCT_BUNDLE_IDENTIFIER = "com.teamfive.$(PRODUCT_NAME:rfc1034identifier)";
				PRODUCT_NAME = "$(TARGET_NAME)";
				SWIFT_OBJC_BRIDGING_HEADER = "FlavorFinder/FlavorFinder-Bridging-Header.h";
			};
			name = Release;
		};
		883AC6451BC1A3C0009136E9 /* Debug */ = {
			isa = XCBuildConfiguration;
			buildSettings = {
				BUNDLE_LOADER = "$(TEST_HOST)";
				FRAMEWORK_SEARCH_PATHS = (
					"$(SDKROOT)/Developer/Library/Frameworks",
					"$(inherited)",
				);
				GCC_PREPROCESSOR_DEFINITIONS = (
					"DEBUG=1",
					"$(inherited)",
				);
				INFOPLIST_FILE = FlavorFinderTests/Info.plist;
				LD_RUNPATH_SEARCH_PATHS = "$(inherited) @executable_path/Frameworks @loader_path/Frameworks";
				PRODUCT_BUNDLE_IDENTIFIER = "com.teamfive.$(PRODUCT_NAME:rfc1034identifier)";
				PRODUCT_NAME = "$(TARGET_NAME)";
				TEST_HOST = "$(BUILT_PRODUCTS_DIR)/FlavorFinder.app/FlavorFinder";
			};
			name = Debug;
		};
		883AC6461BC1A3C0009136E9 /* Release */ = {
			isa = XCBuildConfiguration;
			buildSettings = {
				BUNDLE_LOADER = "$(TEST_HOST)";
				FRAMEWORK_SEARCH_PATHS = (
					"$(SDKROOT)/Developer/Library/Frameworks",
					"$(inherited)",
				);
				INFOPLIST_FILE = FlavorFinderTests/Info.plist;
				LD_RUNPATH_SEARCH_PATHS = "$(inherited) @executable_path/Frameworks @loader_path/Frameworks";
				PRODUCT_BUNDLE_IDENTIFIER = "com.teamfive.$(PRODUCT_NAME:rfc1034identifier)";
				PRODUCT_NAME = "$(TARGET_NAME)";
				TEST_HOST = "$(BUILT_PRODUCTS_DIR)/FlavorFinder.app/FlavorFinder";
			};
			name = Release;
		};
/* End XCBuildConfiguration section */

/* Begin XCConfigurationList section */
		883AC61D1BC1A3C0009136E9 /* Build configuration list for PBXProject "FlavorFinder" */ = {
			isa = XCConfigurationList;
			buildConfigurations = (
				883AC63F1BC1A3C0009136E9 /* Debug */,
				883AC6401BC1A3C0009136E9 /* Release */,
			);
			defaultConfigurationIsVisible = 0;
			defaultConfigurationName = Release;
		};
		883AC6411BC1A3C0009136E9 /* Build configuration list for PBXNativeTarget "FlavorFinder" */ = {
			isa = XCConfigurationList;
			buildConfigurations = (
				883AC6421BC1A3C0009136E9 /* Debug */,
				883AC6431BC1A3C0009136E9 /* Release */,
			);
			defaultConfigurationIsVisible = 0;
			defaultConfigurationName = Release;
		};
		883AC6441BC1A3C0009136E9 /* Build configuration list for PBXNativeTarget "FlavorFinderTests" */ = {
			isa = XCConfigurationList;
			buildConfigurations = (
				883AC6451BC1A3C0009136E9 /* Debug */,
				883AC6461BC1A3C0009136E9 /* Release */,
			);
			defaultConfigurationIsVisible = 0;
			defaultConfigurationName = Release;
		};
/* End XCConfigurationList section */
	};
	rootObject = 883AC61A1BC1A3C0009136E9 /* Project object */;
}
